
Microsoft Visual Studio Solution File, Format Version 12.00
# Visual Studio Version 16
VisualStudioVersion = 16.0.33328.57
MinimumVisualStudioVersion = 10.0.40219.1
Project("{FAE04EC0-301F-11D3-BF4B-00C04F79EFBC}") = "Ejercicio_Secuencial1-6", "Ejercicio_Secuencial1-6.csproj", "{7BF7172B-E8F3-4BD2-AC1F-1A58AADD8285}"
EndProject
Global
	GlobalSection(SolutionConfigurationPlatforms) = preSolution
		Debug|Any CPU = Debug|Any CPU
		Release|Any CPU = Release|Any CPU
	EndGlobalSection
	GlobalSection(ProjectConfigurationPlatforms) = postSolution
		{7BF7172B-E8F3-4BD2-AC1F-1A58AADD8285}.Debug|Any CPU.ActiveCfg = Debug|Any CPU
		{7BF7172B-E8F3-4BD2-AC1F-1A58AADD8285}.Debug|Any CPU.Build.0 = Debug|Any CPU
		{7BF7172B-E8F3-4BD2-AC1F-1A58AADD8285}.Release|Any CPU.ActiveCfg = Release|Any CPU
		{7BF7172B-E8F3-4BD2-AC1F-1A58AADD8285}.Release|Any CPU.Build.0 = Release|Any CPU
	EndGlobalSection
	GlobalSection(SolutionProperties) = preSolution
		HideSolutionNode = FALSE
	EndGlobalSection
	GlobalSection(ExtensibilityGlobals) = postSolution
		SolutionGuid = {169046DB-E4C5-43A2-9A42-7A9EBBB16AB5}
	EndGlobalSection
EndGlobal
